
Microsoft Visual Studio Solution File, Format Version 12.00
# Visual Studio Version 17
VisualStudioVersion = 17.10.34928.147
MinimumVisualStudioVersion = 10.0.40219.1
Project("{FAE04EC0-301F-11D3-BF4B-00C04F79EFBC}") = "Programming_p2", "Programming_p2\Programming_p2.csproj", "{3160DEED-372E-4F5D-A95F-854265410A6C}"
EndProject
Global
	GlobalSection(SolutionConfigurationPlatforms) = preSolution
		Debug|Any CPU = Debug|Any CPU
		Release|Any CPU = Release|Any CPU
	EndGlobalSection
	GlobalSection(ProjectConfigurationPlatforms) = postSolution
		{3160DEED-372E-4F5D-A95F-854265410A6C}.Debug|Any CPU.ActiveCfg = Debug|Any CPU
		{3160DEED-372E-4F5D-A95F-854265410A6C}.Debug|Any CPU.Build.0 = Debug|Any CPU
		{3160DEED-372E-4F5D-A95F-854265410A6C}.Release|Any CPU.ActiveCfg = Release|Any CPU
		{3160DEED-372E-4F5D-A95F-854265410A6C}.Release|Any CPU.Build.0 = Release|Any CPU
	EndGlobalSection
	GlobalSection(SolutionProperties) = preSolution
		HideSolutionNode = FALSE
	EndGlobalSection
	GlobalSection(ExtensibilityGlobals) = postSolution
		SolutionGuid = {1B77307A-705C-4B93-8E34-CE09DBF952ED}
	EndGlobalSection
EndGlobal
